
Microsoft Visual Studio Solution File, Format Version 12.00
# Visual Studio Version 16
VisualStudioVersion = 16.0.31321.278
MinimumVisualStudioVersion = 10.0.40219.1
Project("{FAE04EC0-301F-11D3-BF4B-00C04F79EFBC}") = "MyMoviesApp", "MyMoviesApp\MyMoviesApp.csproj", "{D2905F46-831D-4245-AE03-8AA85B2E9F52}"
EndProject
Global
	GlobalSection(SolutionConfigurationPlatforms) = preSolution
		Debug|Any CPU = Debug|Any CPU
		Release|Any CPU = Release|Any CPU
	EndGlobalSection
	GlobalSection(ProjectConfigurationPlatforms) = postSolution
		{D2905F46-831D-4245-AE03-8AA85B2E9F52}.Debug|Any CPU.ActiveCfg = Debug|Any CPU
		{D2905F46-831D-4245-AE03-8AA85B2E9F52}.Debug|Any CPU.Build.0 = Debug|Any CPU
		{D2905F46-831D-4245-AE03-8AA85B2E9F52}.Release|Any CPU.ActiveCfg = Release|Any CPU
		{D2905F46-831D-4245-AE03-8AA85B2E9F52}.Release|Any CPU.Build.0 = Release|Any CPU
	EndGlobalSection
	GlobalSection(SolutionProperties) = preSolution
		HideSolutionNode = FALSE
	EndGlobalSection
	GlobalSection(ExtensibilityGlobals) = postSolution
		SolutionGuid = {30FCBFAB-9DD8-4E74-B650-7F1281DCA116}
	EndGlobalSection
EndGlobal
